Microsoft Visual Studio Solution File, Format Version 12.00
# Visual Studio Version 17
VisualStudioVersion = 17.5.2.0
MinimumVisualStudioVersion = 10.0.40219.1
Project("{FAE04EC0-301F-11D3-BF4B-00C04F79EFBC}") = "jmlq.nttdata.test.WebApi", "jmlq.nttdata.test.WebApi.csproj", "{142E6F79-CCF6-AFE0-4688-6B6DB2ABFDEF}"
EndProject
Global
	GlobalSection(SolutionConfigurationPlatforms) = preSolution
		Debug|Any CPU = Debug|Any CPU
		Release|Any CPU = Release|Any CPU
	EndGlobalSection
	GlobalSection(ProjectConfigurationPlatforms) = postSolution
		{142E6F79-CCF6-AFE0-4688-6B6DB2ABFDEF}.Debug|Any CPU.ActiveCfg = Debug|Any CPU
		{142E6F79-CCF6-AFE0-4688-6B6DB2ABFDEF}.Debug|Any CPU.Build.0 = Debug|Any CPU
		{142E6F79-CCF6-AFE0-4688-6B6DB2ABFDEF}.Release|Any CPU.ActiveCfg = Release|Any CPU
		{142E6F79-CCF6-AFE0-4688-6B6DB2ABFDEF}.Release|Any CPU.Build.0 = Release|Any CPU
	EndGlobalSection
	GlobalSection(SolutionProperties) = preSolution
		HideSolutionNode = FALSE
	EndGlobalSection
	GlobalSection(ExtensibilityGlobals) = postSolution
		SolutionGuid = {D35BC1A5-4E30-45AD-940D-9555F6F034D3}
	EndGlobalSection
EndGlobal
